github.com/Draal/gorf24 v0.0.0-20200118100552-377dd85388b5 h1:onkDpk4f7uOBGQwr4Q70JESvx/RmcYcMuecRackC7EQ=
github.com/Draal/gorf24 v0.0.0-20200118100552-377dd85388b5/go.mod h1:5bz8b78dQJSQFf4nKeHEARBQ6InkgOEi8jkSg8ZGyMs=
github.com/Draal/gorf24 v0.0.0-20200119003919-15e907d525d3 h1:xiBcVSFACJC3qEIs9mMsP2WVuyL/p6hsRR1tJ0mHpTs=
github.com/Draal/gorf24 v0.0.0-20200119003919-15e907d525d3/go.mod h1:5bz8b78dQJSQFf4nKeHEARBQ6InkgOEi8jkSg8ZGyMs=
